// !$*UTF8*$!
{
	archiveVersion = 1;
	classes = {
	};
	objectVersion = 46;
	objects = {

/* Begin PBXBuildFile section */
		575750241A3CB65500AD574B /* main.m in Sources */ = {isa = PBXBuildFile; fileRef = 575750231A3CB65500AD574B /* main.m */; };
		575750271A3CB65500AD574B /* AppDelegate.m in Sources */ = {isa = PBXBuildFile; fileRef = 575750261A3CB65500AD574B /* AppDelegate.m */; };
		5757502A1A3CB65500AD574B /* ViewController.m in Sources */ = {isa = PBXBuildFile; fileRef = 575750291A3CB65500AD574B /* ViewController.m */; };
		5757502D1A3CB65500AD574B /* Main.storyboard in Resources */ = {isa = PBXBuildFile; fileRef = 5757502B1A3CB65500AD574B /* Main.storyboard */; };
		5757502F1A3CB65500AD574B /* Images.xcassets in Resources */ = {isa = PBXBuildFile; fileRef = 5757502E1A3CB65500AD574B /* Images.xcassets */; };
		575750321A3CB65500AD574B /* LaunchScreen.xib in Resources */ = {isa = PBXBuildFile; fileRef = 575750301A3CB65500AD574B /* LaunchScreen.xib */; };
		5757503E1A3CB65500AD574B /* NavegacaoTests.m in Sources */ = {isa = PBXBuildFile; fileRef = 5757503D1A3CB65500AD574B /* NavegacaoTests.m */; };
		575751001A3CBC4D00AD574B /* gift68.png in Resources */ = {isa = PBXBuildFile; fileRef = 575750FE1A3CBC4D00AD574B /* gift68.png */; };
		575751011A3CBC4D00AD574B /* santaclaus.png in Resources */ = {isa = PBXBuildFile; fileRef = 575750FF1A3CBC4D00AD574B /* santaclaus.png */; };
/* End PBXBuildFile section */

/* Begin PBXContainerItemProxy section */
		575750381A3CB65500AD574B /* PBXContainerItemProxy */ = {
			isa = PBXContainerItemProxy;
			containerPortal = 575750161A3CB65500AD574B /* Project object */;
			proxyType = 1;
			remoteGlobalIDString = 5757501D1A3CB65500AD574B;
			remoteInfo = Navegacao;
		};
/* End PBXContainerItemProxy section */

/* Begin PBXFileReference section */
		5757501E1A3CB65500AD574B /* Navegacao.app */ = {isa = PBXFileReference; explicitFileType = wrapper.application; includeInIndex = 0; path = Navegacao.app; sourceTree = BUILT_PRODUCTS_DIR; };
		575750221A3CB65500AD574B /* Info.plist */ = {isa = PBXFileReference; lastKnownFileType = text.plist.xml; path = Info.plist; sourceTree = "<group>"; };
		575750231A3CB65500AD574B /* main.m */ = {isa = PBXFileReference; lastKnownFileType = sourcecode.c.objc; path = main.m; sourceTree = "<group>"; };
		575750251A3CB65500AD574B /* AppDelegate.h */ = {isa = PBXFileReference; lastKnownFileType = sourcecode.c.h; path = AppDelegate.h; sourceTree = "<group>"; };
		575750261A3CB65500AD574B /* AppDelegate.m */ = {isa = PBXFileReference; lastKnownFileType = sourcecode.c.objc; path = AppDelegate.m; sourceTree = "<group>"; };
		575750281A3CB65500AD574B /* ViewController.h */ = {isa = PBXFileReference; lastKnownFileType = sourcecode.c.h; path = ViewController.h; sourceTree = "<group>"; };
		575750291A3CB65500AD574B /* ViewController.m */ = {isa = PBXFileReference; lastKnownFileType = sourcecode.c.objc; path = ViewController.m; sourceTree = "<group>"; };
		5757502C1A3CB65500AD574B /* Base */ = {isa = PBXFileReference; lastKnownFileType = file.storyboard; name = Base; path = Base.lproj/Main.storyboard; sourceTree = "<group>"; };
		5757502E1A3CB65500AD574B /* Images.xcassets */ = {isa = PBXFileReference; lastKnownFileType = folder.assetcatalog; path = Images.xcassets; sourceTree = "<group>"; };
		575750311A3CB65500AD574B /* Base */ = {isa = PBXFileReference; lastKnownFileType = file.xib; name = Base; path = Base.lproj/LaunchScreen.xib; sourceTree = "<group>"; };
		575750371A3CB65500AD574B /* NavegacaoTests.xctest */ = {isa = PBXFileReference; explicitFileType = wrapper.cfbundle; includeInIndex = 0; path = NavegacaoTests.xctest; sourceTree = BUILT_PRODUCTS_DIR; };
		5757503C1A3CB65500AD574B /* Info.plist */ = {isa = PBXFileReference; lastKnownFileType = text.plist.xml; path = Info.plist; sourceTree = "<group>"; };
		5757503D1A3CB65500AD574B /* NavegacaoTests.m */ = {isa = PBXFileReference; lastKnownFileType = sourcecode.c.objc; path = NavegacaoTests.m; sourceTree = "<group>"; };
		575750FE1A3CBC4D00AD574B /* gift68.png */ = {isa = PBXFileReference; lastKnownFileType = image.png; path = gift68.png; sourceTree = "<group>"; };
		575750FF1A3CBC4D00AD574B /* santaclaus.png */ = {isa = PBXFileReference; lastKnownFileType = image.png; path = santaclaus.png; sourceTree = "<group>"; };
/* End PBXFileReference section */

/* Begin PBXFrameworksBuildPhase section */
		5757501B1A3CB65500AD574B /* Frameworks */ = {
			isa = PBXFrameworksBuildPhase;
			buildActionMask = 2147483647;
			files = (
			);
			runOnlyForDeploymentPostprocessing = 0;
		};
		575750341A3CB65500AD574B /* Frameworks */ = {
			isa = PBXFrameworksBuildPhase;
			buildActionMask = 2147483647;
			files = (
			);
			runOnlyForDeploymentPostprocessing = 0;
		};
/* End PBXFrameworksBuildPhase section */

/* Begin PBXGroup section */
		575750151A3CB65500AD574B = {
			isa = PBXGroup;
			children = (
				575750201A3CB65500AD574B /* Navegacao */,
				5757503A1A3CB65500AD574B /* NavegacaoTests */,
				5757501F1A3CB65500AD574B /* Products */,
			);
			sourceTree = "<group>";
		};
		5757501F1A3CB65500AD574B /* Products */ = {
			isa = PBXGroup;
			children = (
				5757501E1A3CB65500AD574B /* Navegacao.app */,
				575750371A3CB65500AD574B /* NavegacaoTests.xctest */,
			);
			name = Products;
			sourceTree = "<group>";
		};
		575750201A3CB65500AD574B /* Navegacao */ = {
			isa = PBXGroup;
			children = (
				575750251A3CB65500AD574B /* AppDelegate.h */,
				575750261A3CB65500AD574B /* AppDelegate.m */,
				575750281A3CB65500AD574B /* ViewController.h */,
				575750291A3CB65500AD574B /* ViewController.m */,
				5757502B1A3CB65500AD574B /* Main.storyboard */,
				575750FE1A3CBC4D00AD574B /* gift68.png */,
				575750FF1A3CBC4D00AD574B /* santaclaus.png */,
				5757502E1A3CB65500AD574B /* Images.xcassets */,
				575750301A3CB65500AD574B /* LaunchScreen.xib */,
				575750211A3CB65500AD574B /* Supporting Files */,
			);
			path = Navegacao;
			sourceTree = "<group>";
		};
		575750211A3CB65500AD574B /* Supporting Files */ = {
			isa = PBXGroup;
			children = (
				575750221A3CB65500AD574B /* Info.plist */,
				575750231A3CB65500AD574B /* main.m */,
			);
			name = "Supporting Files";
			sourceTree = "<group>";
		};
		5757503A1A3CB65500AD574B /* NavegacaoTests */ = {
			isa = PBXGroup;
			children = (
				5757503D1A3CB65500AD574B /* NavegacaoTests.m */,
				5757503B1A3CB65500AD574B /* Supporting Files */,
			);
			path = NavegacaoTests;
			sourceTree = "<group>";
		};
		5757503B1A3CB65500AD574B /* Supporting Files */ = {
			isa = PBXGroup;
			children = (
				5757503C1A3CB65500AD574B /* Info.plist */,
			);
			name = "Supporting Files";
			sourceTree = "<group>";
		};
/* End PBXGroup section */

/* Begin PBXNativeTarget section */
		5757501D1A3CB65500AD574B /* Navegacao */ = {
			isa = PBXNativeTarget;
			buildConfigurationList = 575750411A3CB65500AD574B /* Build configuration list for PBXNativeTarget "Navegacao" */;
			buildPhases = (
				5757501A1A3CB65500AD574B /* Sources */,
				5757501B1A3CB65500AD574B /* Frameworks */,
				5757501C1A3CB65500AD574B /* Resources */,
			);
			buildRules = (
			);
			dependencies = (
			);
			name = Navegacao;
			productName = Navegacao;
			productReference = 5757501E1A3CB65500AD574B /* Navegacao.app */;
			productType = "com.apple.product-type.application";
		};
		575750361A3CB65500AD574B /* NavegacaoTests */ = {
			isa = PBXNativeTarget;
			buildConfigurationList = 575750441A3CB65500AD574B /* Build configuration list for PBXNativeTarget "NavegacaoTests" */;
			buildPhases = (
				575750331A3CB65500AD574B /* Sources */,
				575750341A3CB65500AD574B /* Frameworks */,
				575750351A3CB65500AD574B /* Resources */,
			);
			buildRules = (
			);
			dependencies = (
				575750391A3CB65500AD574B /* PBXTargetDependency */,
			);
			name = NavegacaoTests;
			productName = NavegacaoTests;
			productReference = 575750371A3CB65500AD574B /* NavegacaoTests.xctest */;
			productType = "com.apple.product-type.bundle.unit-test";
		};
/* End PBXNativeTarget section */

/* Begin PBXProject section */
		575750161A3CB65500AD574B /* Project object */ = {
			isa = PBXProject;
			attributes = {
				LastUpgradeCheck = 0610;
				ORGANIZATIONNAME = "Target Trust";
				TargetAttributes = {
					5757501D1A3CB65500AD574B = {
						CreatedOnToolsVersion = 6.1.1;
					};
					575750361A3CB65500AD574B = {
						CreatedOnToolsVersion = 6.1.1;
						TestTargetID = 5757501D1A3CB65500AD574B;
					};
				};
			};
			buildConfigurationList = 575750191A3CB65500AD574B /* Build configuration list for PBXProject "Navegacao" */;
			compatibilityVersion = "Xcode 3.2";
			developmentRegion = English;
			hasScannedForEncodings = 0;
			knownRegions = (
				en,
				Base,
			);
			mainGroup = 575750151A3CB65500AD574B;
			productRefGroup = 5757501F1A3CB65500AD574B /* Products */;
			projectDirPath = "";
			projectRoot = "";
			targets = (
				5757501D1A3CB65500AD574B /* Navegacao */,
				575750361A3CB65500AD574B /* NavegacaoTests */,
			);
		};
/* End PBXProject section */

/* Begin PBXResourcesBuildPhase section */
		5757501C1A3CB65500AD574B /* Resources */ = {
			isa = PBXResourcesBuildPhase;
			buildActionMask = 2147483647;
			files = (
				5757502D1A3CB65500AD574B /* Main.storyboard in Resources */,
				575751001A3CBC4D00AD574B /* gift68.png in Resources */,
				575750321A3CB65500AD574B /* LaunchScreen.xib in Resources */,
				575751011A3CBC4D00AD574B /* santaclaus.png in Resources */,
				5757502F1A3CB65500AD574B /* Images.xcassets in Resources */,
			);
			runOnlyForDeploymentPostprocessing = 0;
		};
		575750351A3CB65500AD574B /* Resources */ = {
			isa = PBXResourcesBuildPhase;
			buildActionMask = 2147483647;
			files = (
			);
			runOnlyForDeploymentPostprocessing = 0;
		};
/* End PBXResourcesBuildPhase section */

/* Begin PBXSourcesBuildPhase section */
		5757501A1A3CB65500AD574B /* Sources */ = {
			isa = PBXSourcesBuildPhase;
			buildActionMask = 2147483647;
			files = (
				5757502A1A3CB65500AD574B /* ViewController.m in Sources */,
				575750271A3CB65500AD574B /* AppDelegate.m in Sources */,
				575750241A3CB65500AD574B /* main.m in Sources */,
			);
			runOnlyForDeploymentPostprocessing = 0;
		};
		575750331A3CB65500AD574B /* Sources */ = {
			isa = PBXSourcesBuildPhase;
			buildActionMask = 2147483647;
			files = (
				5757503E1A3CB65500AD574B /* NavegacaoTests.m in Sources */,
			);
			runOnlyForDeploymentPostprocessing = 0;
		};
/* End PBXSourcesBuildPhase section */

/* Begin PBXTargetDependency section */
		575750391A3CB65500AD574B /* PBXTargetDependency */ = {
			isa = PBXTargetDependency;
			target = 5757501D1A3CB65500AD574B /* Navegacao */;
			targetProxy = 575750381A3CB65500AD574B /* PBXContainerItemProxy */;
		};
/* End PBXTargetDependency section */

/* Begin PBXVariantGroup section */
		5757502B1A3CB65500AD574B /* Main.storyboard */ = {
			isa = PBXVariantGroup;
			children = (
				5757502C1A3CB65500AD574B /* Base */,
			);
			name = Main.storyboard;
			sourceTree = "<group>";
		};
		575750301A3CB65500AD574B /* LaunchScreen.xib */ = {
			isa = PBXVariantGroup;
			children = (
				575750311A3CB65500AD574B /* Base */,
			);
			name = LaunchScreen.xib;
			sourceTree = "<group>";
		};
/* End PBXVariantGroup section */

/* Begin XCBuildConfiguration section */
		5757503F1A3CB65500AD574B /* Debug */ = {
			isa = XCBuildConfiguration;
			buildSettings = {
				ALWAYS_SEARCH_USER_PATHS = NO;
				CLANG_CXX_LANGUAGE_STANDARD = "gnu++0x";
				CLANG_CXX_LIBRARY = "libc++";
				CLANG_ENABLE_MODULES = YES;
				CLANG_ENABLE_OBJC_ARC = YES;
				CLANG_WARN_BOOL_CONVERSION = YES;
				CLANG_WARN_CONSTANT_CONVERSION = YES;
				CLANG_WARN_DIRECT_OBJC_ISA_USAGE = YES_ERROR;
				CLANG_WARN_EMPTY_BODY = YES;
				CLANG_WARN_ENUM_CONVERSION = YES;
				CLANG_WARN_INT_CONVERSION = YES;
				CLANG_WARN_OBJC_ROOT_CLASS = YES_ERROR;
				CLANG_WARN_UNREACHABLE_CODE = YES;
				CLANG_WARN__DUPLICATE_METHOD_MATCH = YES;
				"CODE_SIGN_IDENTITY[sdk=iphoneos*]" = "iPhone Developer";
				COPY_PHASE_STRIP = NO;
				ENABLE_STRICT_OBJC_MSGSEND = YES;
				GCC_C_LANGUAGE_STANDARD = gnu99;
				GCC_DYNAMIC_NO_PIC = NO;
				GCC_OPTIMIZATION_LEVEL = 0;
				GCC_PREPROCESSOR_DEFINITIONS = (
					"DEBUG=1",
					"$(inherited)",
				);
				GCC_SYMBOLS_PRIVATE_EXTERN = NO;
				GCC_WARN_64_TO_32_BIT_CONVERSION = YES;
				GCC_WARN_ABOUT_RETURN_TYPE = YES_ERROR;
				GCC_WARN_UNDECLARED_SELECTOR = YES;
				GCC_WARN_UNINITIALIZED_AUTOS = YES_AGGRESSIVE;
				GCC_WARN_UNUSED_FUNCTION = YES;
				GCC_WARN_UNUSED_VARIABLE = YES;
				IPHONEOS_DEPLOYMENT_TARGET = 8.1;
				MTL_ENABLE_DEBUG_INFO = YES;
				ONLY_ACTIVE_ARCH = YES;
				SDKROOT = iphoneos;
			};
			name = Debug;
		};
		575750401A3CB65500AD574B /* Release */ = {
			isa = XCBuildConfiguration;
			buildSettings = {
				ALWAYS_SEARCH_USER_PATHS = NO;
				CLANG_CXX_LANGUAGE_STANDARD = "gnu++0x";
				CLANG_CXX_LIBRARY = "libc++";
				CLANG_ENABLE_MODULES = YES;
				CLANG_ENABLE_OBJC_ARC = YES;
				CLANG_WARN_BOOL_CONVERSION = YES;
				CLANG_WARN_CONSTANT_CONVERSION = YES;
				CLANG_WARN_DIRECT_OBJC_ISA_USAGE = YES_ERROR;
				CLANG_WARN_EMPTY_BODY = YES;
				CLANG_WARN_ENUM_CONVERSION = YES;
				CLANG_WARN_INT_CONVERSION = YES;
				CLANG_WARN_OBJC_ROOT_CLASS = YES_ERROR;
				CLANG_WARN_UNREACHABLE_CODE = YES;
				CLANG_WARN__DUPLICATE_METHOD_MATCH = YES;
				"CODE_SIGN_IDENTITY[sdk=iphoneos*]" = "iPhone Developer";
				COPY_PHASE_STRIP = YES;
				ENABLE_NS_ASSERTIONS = NO;
				ENABLE_STRICT_OBJC_MSGSEND = YES;
				GCC_C_LANGUAGE_STANDARD = gnu99;
				GCC_WARN_64_TO_32_BIT_CONVERSION = YES;
				GCC_WARN_ABOUT_RETURN_TYPE = YES_ERROR;
				GCC_WARN_UNDECLARED_SELECTOR = YES;
				GCC_WARN_UNINITIALIZED_AUTOS = YES_AGGRESSIVE;
				GCC_WARN_UNUSED_FUNCTION = YES;
				GCC_WARN_UNUSED_VARIABLE = YES;
				IPHONEOS_DEPLOYMENT_TARGET = 8.1;
				MTL_ENABLE_DEBUG_INFO = NO;
				SDKROOT = iphoneos;
				VALIDATE_PRODUCT = YES;
			};
			name = Release;
		};
		575750421A3CB65500AD574B /* Debug */ = {
			isa = XCBuildConfiguration;
			buildSettings = {
				ASSETCATALOG_COMPILER_APPICON_NAME = AppIcon;
				INFOPLIST_FILE = Navegacao/Info.plist;
				LD_RUNPATH_SEARCH_PATHS = "$(inherited) @executable_path/Frameworks";
				PRODUCT_NAME = "$(TARGET_NAME)";
			};
			name = Debug;
		};
		575750431A3CB65500AD574B /* Release */ = {
			isa = XCBuildConfiguration;
			buildSettings = {
				ASSETCATALOG_COMPILER_APPICON_NAME = AppIcon;
				INFOPLIST_FILE = Navegacao/Info.plist;
				LD_RUNPATH_SEARCH_PATHS = "$(inherited) @executable_path/Frameworks";
				PRODUCT_NAME = "$(TARGET_NAME)";
			};
			name = Release;
		};
		575750451A3CB65500AD574B /* Debug */ = {
			isa = XCBuildConfiguration;
			buildSettings = {
				BUNDLE_LOADER = "$(TEST_HOST)";
				FRAMEWORK_SEARCH_PATHS = (
					"$(SDKROOT)/Developer/Library/Frameworks",
					"$(inherited)",
				);
				GCC_PREPROCESSOR_DEFINITIONS = (
					"DEBUG=1",
					"$(inherited)",
				);
				INFOPLIST_FILE = NavegacaoTests/Info.plist;
				LD_RUNPATH_SEARCH_PATHS = "$(inherited) @executable_path/Frameworks @loader_path/Frameworks";
				PRODUCT_NAME = "$(TARGET_NAME)";
				TEST_HOST = "$(BUILT_PRODUCTS_DIR)/Navegacao.app/Navegacao";
			};
			name = Debug;
		};
		575750461A3CB65500AD574B /* Release */ = {
			isa = XCBuildConfiguration;
			buildSettings = {
				BUNDLE_LOADER = "$(TEST_HOST)";
				FRAMEWORK_SEARCH_PATHS = (
					"$(SDKROOT)/Developer/Library/Frameworks",
					"$(inherited)",
				);
				INFOPLIST_FILE = NavegacaoTests/Info.plist;
				LD_RUNPATH_SEARCH_PATHS = "$(inherited) @executable_path/Frameworks @loader_path/Frameworks";
				PRODUCT_NAME = "$(TARGET_NAME)";
				TEST_HOST = "$(BUILT_PRODUCTS_DIR)/Navegacao.app/Navegacao";
			};
			name = Release;
		};
/* End XCBuildConfiguration section */

/* Begin XCConfigurationList section */
		575750191A3CB65500AD574B /* Build configuration list for PBXProject "Navegacao" */ = {
			isa = XCConfigurationList;
			buildConfigurations = (
				5757503F1A3CB65500AD574B /* Debug */,
				575750401A3CB65500AD574B /* Release */,
			);
			defaultConfigurationIsVisible = 0;
			defaultConfigurationName = Release;
		};
		575750411A3CB65500AD574B /* Build configuration list for PBXNativeTarget "Navegacao" */ = {
			isa = XCConfigurationList;
			buildConfigurations = (
				575750421A3CB65500AD574B /* Debug */,
				575750431A3CB65500AD574B /* Release */,
			);
			defaultConfigurationIsVisible = 0;
		};
		575750441A3CB65500AD574B /* Build configuration list for PBXNativeTarget "NavegacaoTests" */ = {
			isa = XCConfigurationList;
			buildConfigurations = (
				575750451A3CB65500AD574B /* Debug */,
				575750461A3CB65500AD574B /* Release */,
			);
			defaultConfigurationIsVisible = 0;
		};
/* End XCConfigurationList section */
	};
	rootObject = 575750161A3CB65500AD574B /* Project object */;
}
